// !$*UTF8*$!
{
	archiveVersion = 1;
	classes = {
	};
	objectVersion = 46;
	objects = {

/* Begin PBXBuildFile section */
		DCB0AAC81989E3E100F7876C /* Foundation.framework in Frameworks */ = {isa = PBXBuildFile; fileRef = DCB0AAC71989E3E100F7876C /* Foundation.framework */; };
		DCB0AACA1989E3E100F7876C /* CoreGraphics.framework in Frameworks */ = {isa = PBXBuildFile; fileRef = DCB0AAC91989E3E100F7876C /* CoreGraphics.framework */; };
		DCB0AACC1989E3E100F7876C /* UIKit.framework in Frameworks */ = {isa = PBXBuildFile; fileRef = DCB0AACB1989E3E100F7876C /* UIKit.framework */; };
		DCB0AAD21989E3E100F7876C /* InfoPlist.strings in Resources */ = {isa = PBXBuildFile; fileRef = DCB0AAD01989E3E100F7876C /* InfoPlist.strings */; };
		DCB0AAD41989E3E100F7876C /* main.m in Sources */ = {isa = PBXBuildFile; fileRef = DCB0AAD31989E3E100F7876C /* main.m */; };
		DCB0AAD81989E3E100F7876C /* TLAppDelegate.m in Sources */ = {isa = PBXBuildFile; fileRef = DCB0AAD71989E3E100F7876C /* TLAppDelegate.m */; };
		DCB0AADB1989E3E100F7876C /* Main.storyboard in Resources */ = {isa = PBXBuildFile; fileRef = DCB0AAD91989E3E100F7876C /* Main.storyboard */; };
		DCB0AADE1989E3E100F7876C /* TLViewController.m in Sources */ = {isa = PBXBuildFile; fileRef = DCB0AADD1989E3E100F7876C /* TLViewController.m */; };
		DCB0AAE01989E3E100F7876C /* Images.xcassets in Resources */ = {isa = PBXBuildFile; fileRef = DCB0AADF1989E3E100F7876C /* Images.xcassets */; };
		DCB0AAE71989E3E100F7876C /* XCTest.framework in Frameworks */ = {isa = PBXBuildFile; fileRef = DCB0AAE61989E3E100F7876C /* XCTest.framework */; };
		DCB0AAE81989E3E100F7876C /* Foundation.framework in Frameworks */ = {isa = PBXBuildFile; fileRef = DCB0AAC71989E3E100F7876C /* Foundation.framework */; };
		DCB0AAE91989E3E100F7876C /* UIKit.framework in Frameworks */ = {isa = PBXBuildFile; fileRef = DCB0AACB1989E3E100F7876C /* UIKit.framework */; };
		DCB0AAF11989E3E100F7876C /* InfoPlist.strings in Resources */ = {isa = PBXBuildFile; fileRef = DCB0AAEF1989E3E100F7876C /* InfoPlist.strings */; };
		DCB0AAF31989E3E100F7876C /* scrollviewTestTests.m in Sources */ = {isa = PBXBuildFile; fileRef = DCB0AAF21989E3E100F7876C /* scrollviewTestTests.m */; };
/* End PBXBuildFile section */

/* Begin PBXContainerItemProxy section */
		DCB0AAEA1989E3E100F7876C /* PBXContainerItemProxy */ = {
			isa = PBXContainerItemProxy;
			containerPortal = DCB0AABC1989E3E100F7876C /* Project object */;
			proxyType = 1;
			remoteGlobalIDString = DCB0AAC31989E3E100F7876C;
			remoteInfo = scrollviewTest;
		};
/* End PBXContainerItemProxy section */

/* Begin PBXFileReference section */
		DCB0AAC41989E3E100F7876C /* scrollviewTest.app */ = {isa = PBXFileReference; explicitFileType = wrapper.application; includeInIndex = 0; path = scrollviewTest.app; sourceTree = BUILT_PRODUCTS_DIR; };
		DCB0AAC71989E3E100F7876C /* Foundation.framework */ = {isa = PBXFileReference; lastKnownFileType = wrapper.framework; name = Foundation.framework; path = System/Library/Frameworks/Foundation.framework; sourceTree = SDKROOT; };
		DCB0AAC91989E3E100F7876C /* CoreGraphics.framework */ = {isa = PBXFileReference; lastKnownFileType = wrapper.framework; name = CoreGraphics.framework; path = System/Library/Frameworks/CoreGraphics.framework; sourceTree = SDKROOT; };
		DCB0AACB1989E3E100F7876C /* UIKit.framework */ = {isa = PBXFileReference; lastKnownFileType = wrapper.framework; name = UIKit.framework; path = System/Library/Frameworks/UIKit.framework; sourceTree = SDKROOT; };
		DCB0AACF1989E3E100F7876C /* scrollviewTest-Info.plist */ = {isa = PBXFileReference; lastKnownFileType = text.plist.xml; path = "scrollviewTest-Info.plist"; sourceTree = "<group>"; };
		DCB0AAD11989E3E100F7876C /* en */ = {isa = PBXFileReference; lastKnownFileType = text.plist.strings; name = en; path = en.lproj/InfoPlist.strings; sourceTree = "<group>"; };
		DCB0AAD31989E3E100F7876C /* main.m */ = {isa = PBXFileReference; lastKnownFileType = sourcecode.c.objc; path = main.m; sourceTree = "<group>"; };
		DCB0AAD51989E3E100F7876C /* scrollviewTest-Prefix.pch */ = {isa = PBXFileReference; lastKnownFileType = sourcecode.c.h; path = "scrollviewTest-Prefix.pch"; sourceTree = "<group>"; };
		DCB0AAD61989E3E100F7876C /* TLAppDelegate.h */ = {isa = PBXFileReference; lastKnownFileType = sourcecode.c.h; path = TLAppDelegate.h; sourceTree = "<group>"; };
		DCB0AAD71989E3E100F7876C /* TLAppDelegate.m */ = {isa = PBXFileReference; lastKnownFileType = sourcecode.c.objc; path = TLAppDelegate.m; sourceTree = "<group>"; };
		DCB0AADA1989E3E100F7876C /* Base */ = {isa = PBXFileReference; lastKnownFileType = file.storyboard; name = Base; path = Base.lproj/Main.storyboard; sourceTree = "<group>"; };
		DCB0AADC1989E3E100F7876C /* TLViewController.h */ = {isa = PBXFileReference; lastKnownFileType = sourcecode.c.h; path = TLViewController.h; sourceTree = "<group>"; };
		DCB0AADD1989E3E100F7876C /* TLViewController.m */ = {isa = PBXFileReference; lastKnownFileType = sourcecode.c.objc; path = TLViewController.m; sourceTree = "<group>"; };
		DCB0AADF1989E3E100F7876C /* Images.xcassets */ = {isa = PBXFileReference; lastKnownFileType = folder.assetcatalog; path = Images.xcassets; sourceTree = "<group>"; };
		DCB0AAE51989E3E100F7876C /* scrollviewTestTests.xctest */ = {isa = PBXFileReference; explicitFileType = wrapper.cfbundle; includeInIndex = 0; path = scrollviewTestTests.xctest; sourceTree = BUILT_PRODUCTS_DIR; };
		DCB0AAE61989E3E100F7876C /* XCTest.framework */ = {isa = PBXFileReference; lastKnownFileType = wrapper.framework; name = XCTest.framework; path = Library/Frameworks/XCTest.framework; sourceTree = DEVELOPER_DIR; };
		DCB0AAEE1989E3E100F7876C /* scrollviewTestTests-Info.plist */ = {isa = PBXFileReference; lastKnownFileType = text.plist.xml; path = "scrollviewTestTests-Info.plist"; sourceTree = "<group>"; };
		DCB0AAF01989E3E100F7876C /* en */ = {isa = PBXFileReference; lastKnownFileType = text.plist.strings; name = en; path = en.lproj/InfoPlist.strings; sourceTree = "<group>"; };
		DCB0AAF21989E3E100F7876C /* scrollviewTestTests.m */ = {isa = PBXFileReference; lastKnownFileType = sourcecode.c.objc; path = scrollviewTestTests.m; sourceTree = "<group>"; };
/* End PBXFileReference section */

/* Begin PBXFrameworksBuildPhase section */
		DCB0AAC11989E3E100F7876C /* Frameworks */ = {
			isa = PBXFrameworksBuildPhase;
			buildActionMask = 2147483647;
			files = (
				DCB0AACA1989E3E100F7876C /* CoreGraphics.framework in Frameworks */,
				DCB0AACC1989E3E100F7876C /* UIKit.framework in Frameworks */,
				DCB0AAC81989E3E100F7876C /* Foundation.framework in Frameworks */,
			);
			runOnlyForDeploymentPostprocessing = 0;
		};
		DCB0AAE21989E3E100F7876C /* Frameworks */ = {
			isa = PBXFrameworksBuildPhase;
			buildActionMask = 2147483647;
			files = (
				DCB0AAE71989E3E100F7876C /* XCTest.framework in Frameworks */,
				DCB0AAE91989E3E100F7876C /* UIKit.framework in Frameworks */,
				DCB0AAE81989E3E100F7876C /* Foundation.framework in Frameworks */,
			);
			runOnlyForDeploymentPostprocessing = 0;
		};
/* End PBXFrameworksBuildPhase section */

/* Begin PBXGroup section */
		DCB0AABB1989E3E100F7876C = {
			isa = PBXGroup;
			children = (
				DCB0AACD1989E3E100F7876C /* scrollviewTest */,
				DCB0AAEC1989E3E100F7876C /* scrollviewTestTests */,
				DCB0AAC61989E3E100F7876C /* Frameworks */,
				DCB0AAC51989E3E100F7876C /* Products */,
			);
			sourceTree = "<group>";
		};
		DCB0AAC51989E3E100F7876C /* Products */ = {
			isa = PBXGroup;
			children = (
				DCB0AAC41989E3E100F7876C /* scrollviewTest.app */,
				DCB0AAE51989E3E100F7876C /* scrollviewTestTests.xctest */,
			);
			name = Products;
			sourceTree = "<group>";
		};
		DCB0AAC61989E3E100F7876C /* Frameworks */ = {
			isa = PBXGroup;
			children = (
				DCB0AAC71989E3E100F7876C /* Foundation.framework */,
				DCB0AAC91989E3E100F7876C /* CoreGraphics.framework */,
				DCB0AACB1989E3E100F7876C /* UIKit.framework */,
				DCB0AAE61989E3E100F7876C /* XCTest.framework */,
			);
			name = Frameworks;
			sourceTree = "<group>";
		};
		DCB0AACD1989E3E100F7876C /* scrollviewTest */ = {
			isa = PBXGroup;
			children = (
				DCB0AAD61989E3E100F7876C /* TLAppDelegate.h */,
				DCB0AAD71989E3E100F7876C /* TLAppDelegate.m */,
				DCB0AAD91989E3E100F7876C /* Main.storyboard */,
				DCB0AADC1989E3E100F7876C /* TLViewController.h */,
				DCB0AADD1989E3E100F7876C /* TLViewController.m */,
				DCB0AADF1989E3E100F7876C /* Images.xcassets */,
				DCB0AACE1989E3E100F7876C /* Supporting Files */,
			);
			path = scrollviewTest;
			sourceTree = "<group>";
		};
		DCB0AACE1989E3E100F7876C /* Supporting Files */ = {
			isa = PBXGroup;
			children = (
				DCB0AACF1989E3E100F7876C /* scrollviewTest-Info.plist */,
				DCB0AAD01989E3E100F7876C /* InfoPlist.strings */,
				DCB0AAD31989E3E100F7876C /* main.m */,
				DCB0AAD51989E3E100F7876C /* scrollviewTest-Prefix.pch */,
			);
			name = "Supporting Files";
			sourceTree = "<group>";
		};
		DCB0AAEC1989E3E100F7876C /* scrollviewTestTests */ = {
			isa = PBXGroup;
			children = (
				DCB0AAF21989E3E100F7876C /* scrollviewTestTests.m */,
				DCB0AAED1989E3E100F7876C /* Supporting Files */,
			);
			path = scrollviewTestTests;
			sourceTree = "<group>";
		};
		DCB0AAED1989E3E100F7876C /* Supporting Files */ = {
			isa = PBXGroup;
			children = (
				DCB0AAEE1989E3E100F7876C /* scrollviewTestTests-Info.plist */,
				DCB0AAEF1989E3E100F7876C /* InfoPlist.strings */,
			);
			name = "Supporting Files";
			sourceTree = "<group>";
		};
/* End PBXGroup section */

/* Begin PBXNativeTarget section */
		DCB0AAC31989E3E100F7876C /* scrollviewTest */ = {
			isa = PBXNativeTarget;
			buildConfigurationList = DCB0AAF61989E3E100F7876C /* Build configuration list for PBXNativeTarget "scrollviewTest" */;
			buildPhases = (
				DCB0AAC01989E3E100F7876C /* Sources */,
				DCB0AAC11989E3E100F7876C /* Frameworks */,
				DCB0AAC21989E3E100F7876C /* Resources */,
			);
			buildRules = (
			);
			dependencies = (
			);
			name = scrollviewTest;
			productName = scrollviewTest;
			productReference = DCB0AAC41989E3E100F7876C /* scrollviewTest.app */;
			productType = "com.apple.product-type.application";
		};
		DCB0AAE41989E3E100F7876C /* scrollviewTestTests */ = {
			isa = PBXNativeTarget;
			buildConfigurationList = DCB0AAF91989E3E100F7876C /* Build configuration list for PBXNativeTarget "scrollviewTestTests" */;
			buildPhases = (
				DCB0AAE11989E3E100F7876C /* Sources */,
				DCB0AAE21989E3E100F7876C /* Frameworks */,
				DCB0AAE31989E3E100F7876C /* Resources */,
			);
			buildRules = (
			);
			dependencies = (
				DCB0AAEB1989E3E100F7876C /* PBXTargetDependency */,
			);
			name = scrollviewTestTests;
			productName = scrollviewTestTests;
			productReference = DCB0AAE51989E3E100F7876C /* scrollviewTestTests.xctest */;
			productType = "com.apple.product-type.bundle.unit-test";
		};
/* End PBXNativeTarget section */

/* Begin PBXProject section */
		DCB0AABC1989E3E100F7876C /* Project object */ = {
			isa = PBXProject;
			attributes = {
				CLASSPREFIX = TL;
				LastUpgradeCheck = 0510;
				ORGANIZATIONNAME = Creolophus;
				TargetAttributes = {
					DCB0AAE41989E3E100F7876C = {
						TestTargetID = DCB0AAC31989E3E100F7876C;
					};
				};
			};
			buildConfigurationList = DCB0AABF1989E3E100F7876C /* Build configuration list for PBXProject "scrollviewTest" */;
			compatibilityVersion = "Xcode 3.2";
			developmentRegion = English;
			hasScannedForEncodings = 0;
			knownRegions = (
				en,
				Base,
			);
			mainGroup = DCB0AABB1989E3E100F7876C;
			productRefGroup = DCB0AAC51989E3E100F7876C /* Products */;
			projectDirPath = "";
			projectRoot = "";
			targets = (
				DCB0AAC31989E3E100F7876C /* scrollviewTest */,
				DCB0AAE41989E3E100F7876C /* scrollviewTestTests */,
			);
		};
/* End PBXProject section */

/* Begin PBXResourcesBuildPhase section */
		DCB0AAC21989E3E100F7876C /* Resources */ = {
			isa = PBXResourcesBuildPhase;
			buildActionMask = 2147483647;
			files = (
				DCB0AAE01989E3E100F7876C /* Images.xcassets in Resources */,
				DCB0AAD21989E3E100F7876C /* InfoPlist.strings in Resources */,
				DCB0AADB1989E3E100F7876C /* Main.storyboard in Resources */,
			);
			runOnlyForDeploymentPostprocessing = 0;
		};
		DCB0AAE31989E3E100F7876C /* Resources */ = {
			isa = PBXResourcesBuildPhase;
			buildActionMask = 2147483647;
			files = (
				DCB0AAF11989E3E100F7876C /* InfoPlist.strings in Resources */,
			);
			runOnlyForDeploymentPostprocessing = 0;
		};
/* End PBXResourcesBuildPhase section */

/* Begin PBXSourcesBuildPhase section */
		DCB0AAC01989E3E100F7876C /* Sources */ = {
			isa = PBXSourcesBuildPhase;
			buildActionMask = 2147483647;
			files = (
				DCB0AADE1989E3E100F7876C /* TLViewController.m in Sources */,
				DCB0AAD81989E3E100F7876C /* TLAppDelegate.m in Sources */,
				DCB0AAD41989E3E100F7876C /* main.m in Sources */,
			);
			runOnlyForDeploymentPostprocessing = 0;
		};
		DCB0AAE11989E3E100F7876C /* Sources */ = {
			isa = PBXSourcesBuildPhase;
			buildActionMask = 2147483647;
			files = (
				DCB0AAF31989E3E100F7876C /* scrollviewTestTests.m in Sources */,
			);
			runOnlyForDeploymentPostprocessing = 0;
		};
/* End PBXSourcesBuildPhase section */

/* Begin PBXTargetDependency section */
		DCB0AAEB1989E3E100F7876C /* PBXTargetDependency */ = {
			isa = PBXTargetDependency;
			target = DCB0AAC31989E3E100F7876C /* scrollviewTest */;
			targetProxy = DCB0AAEA1989E3E100F7876C /* PBXContainerItemProxy */;
		};
/* End PBXTargetDependency section */

/* Begin PBXVariantGroup section */
		DCB0AAD01989E3E100F7876C /* InfoPlist.strings */ = {
			isa = PBXVariantGroup;
			children = (
				DCB0AAD11989E3E100F7876C /* en */,
			);
			name = InfoPlist.strings;
			sourceTree = "<group>";
		};
		DCB0AAD91989E3E100F7876C /* Main.storyboard */ = {
			isa = PBXVariantGroup;
			children = (
				DCB0AADA1989E3E100F7876C /* Base */,
			);
			name = Main.storyboard;
			sourceTree = "<group>";
		};
		DCB0AAEF1989E3E100F7876C /* InfoPlist.strings */ = {
			isa = PBXVariantGroup;
			children = (
				DCB0AAF01989E3E100F7876C /* en */,
			);
			name = InfoPlist.strings;
			sourceTree = "<group>";
		};
/* End PBXVariantGroup section */

/* Begin XCBuildConfiguration section */
		DCB0AAF41989E3E100F7876C /* Debug */ = {
			isa = XCBuildConfiguration;
			buildSettings = {
				ALWAYS_SEARCH_USER_PATHS = NO;
				CLANG_CXX_LANGUAGE_STANDARD = "gnu++0x";
				CLANG_CXX_LIBRARY = "libc++";
				CLANG_ENABLE_MODULES = YES;
				CLANG_ENABLE_OBJC_ARC = YES;
				CLANG_WARN_BOOL_CONVERSION = YES;
				CLANG_WARN_CONSTANT_CONVERSION = YES;
				CLANG_WARN_DIRECT_OBJC_ISA_USAGE = YES_ERROR;
				CLANG_WARN_EMPTY_BODY = YES;
				CLANG_WARN_ENUM_CONVERSION = YES;
				CLANG_WARN_INT_CONVERSION = YES;
				CLANG_WARN_OBJC_ROOT_CLASS = YES_ERROR;
				CLANG_WARN__DUPLICATE_METHOD_MATCH = YES;
				"CODE_SIGN_IDENTITY[sdk=iphoneos*]" = "iPhone Developer";
				COPY_PHASE_STRIP = NO;
				GCC_C_LANGUAGE_STANDARD = gnu99;
				GCC_DYNAMIC_NO_PIC = NO;
				GCC_OPTIMIZATION_LEVEL = 0;
				GCC_PREPROCESSOR_DEFINITIONS = (
					"DEBUG=1",
					"$(inherited)",
				);
				GCC_SYMBOLS_PRIVATE_EXTERN = NO;
				GCC_WARN_64_TO_32_BIT_CONVERSION = YES;
				GCC_WARN_ABOUT_RETURN_TYPE = YES_ERROR;
				GCC_WARN_UNDECLARED_SELECTOR = YES;
				GCC_WARN_UNINITIALIZED_AUTOS = YES_AGGRESSIVE;
				GCC_WARN_UNUSED_FUNCTION = YES;
				GCC_WARN_UNUSED_VARIABLE = YES;
				IPHONEOS_DEPLOYMENT_TARGET = 7.1;
				ONLY_ACTIVE_ARCH = YES;
				SDKROOT = iphoneos;
			};
			name = Debug;
		};
		DCB0AAF51989E3E100F7876C /* Release */ = {
			isa = XCBuildConfiguration;
			buildSettings = {
				ALWAYS_SEARCH_USER_PATHS = NO;
				CLANG_CXX_LANGUAGE_STANDARD = "gnu++0x";
				CLANG_CXX_LIBRARY = "libc++";
				CLANG_ENABLE_MODULES = YES;
				CLANG_ENABLE_OBJC_ARC = YES;
				CLANG_WARN_BOOL_CONVERSION = YES;
				CLANG_WARN_CONSTANT_CONVERSION = YES;
				CLANG_WARN_DIRECT_OBJC_ISA_USAGE = YES_ERROR;
				CLANG_WARN_EMPTY_BODY = YES;
				CLANG_WARN_ENUM_CONVERSION = YES;
				CLANG_WARN_INT_CONVERSION = YES;
				CLANG_WARN_OBJC_ROOT_CLASS = YES_ERROR;
				CLANG_WARN__DUPLICATE_METHOD_MATCH = YES;
				"CODE_SIGN_IDENTITY[sdk=iphoneos*]" = "iPhone Developer";
				COPY_PHASE_STRIP = YES;
				ENABLE_NS_ASSERTIONS = NO;
				GCC_C_LANGUAGE_STANDARD = gnu99;
				GCC_WARN_64_TO_32_BIT_CONVERSION = YES;
				GCC_WARN_ABOUT_RETURN_TYPE = YES_ERROR;
				GCC_WARN_UNDECLARED_SELECTOR = YES;
				GCC_WARN_UNINITIALIZED_AUTOS = YES_AGGRESSIVE;
				GCC_WARN_UNUSED_FUNCTION = YES;
				GCC_WARN_UNUSED_VARIABLE = YES;
				IPHONEOS_DEPLOYMENT_TARGET = 7.1;
				SDKROOT = iphoneos;
				VALIDATE_PRODUCT = YES;
			};
			name = Release;
		};
		DCB0AAF71989E3E100F7876C /* Debug */ = {
			isa = XCBuildConfiguration;
			buildSettings = {
				ASSETCATALOG_COMPILER_APPICON_NAME = AppIcon;
				ASSETCATALOG_COMPILER_LAUNCHIMAGE_NAME = LaunchImage;
				GCC_PRECOMPILE_PREFIX_HEADER = YES;
				GCC_PREFIX_HEADER = "scrollviewTest/scrollviewTest-Prefix.pch";
				INFOPLIST_FILE = "scrollviewTest/scrollviewTest-Info.plist";
				PRODUCT_NAME = "$(TARGET_NAME)";
				PROVISIONING_PROFILE = "C9E6C54F-7144-437A-B8FE-5E751EAD7645";
				WRAPPER_EXTENSION = app;
			};
			name = Debug;
		};
		DCB0AAF81989E3E100F7876C /* Release */ = {
			isa = XCBuildConfiguration;
			buildSettings = {
				ASSETCATALOG_COMPILER_APPICON_NAME = AppIcon;
				ASSETCATALOG_COMPILER_LAUNCHIMAGE_NAME = LaunchImage;
				GCC_PRECOMPILE_PREFIX_HEADER = YES;
				GCC_PREFIX_HEADER = "scrollviewTest/scrollviewTest-Prefix.pch";
				INFOPLIST_FILE = "scrollviewTest/scrollviewTest-Info.plist";
				PRODUCT_NAME = "$(TARGET_NAME)";
				PROVISIONING_PROFILE = "C9E6C54F-7144-437A-B8FE-5E751EAD7645";
				WRAPPER_EXTENSION = app;
			};
			name = Release;
		};
		DCB0AAFA1989E3E100F7876C /* Debug */ = {
			isa = XCBuildConfiguration;
			buildSettings = {
				BUNDLE_LOADER = "$(BUILT_PRODUCTS_DIR)/scrollviewTest.app/scrollviewTest";
				FRAMEWORK_SEARCH_PATHS = (
					"$(SDKROOT)/Developer/Library/Frameworks",
					"$(inherited)",
					"$(DEVELOPER_FRAMEWORKS_DIR)",
				);
				GCC_PRECOMPILE_PREFIX_HEADER = YES;
				GCC_PREFIX_HEADER = "scrollviewTest/scrollviewTest-Prefix.pch";
				GCC_PREPROCESSOR_DEFINITIONS = (
					"DEBUG=1",
					"$(inherited)",
				);
				INFOPLIST_FILE = "scrollviewTestTests/scrollviewTestTests-Info.plist";
				PRODUCT_NAME = "$(TARGET_NAME)";
				TEST_HOST = "$(BUNDLE_LOADER)";
				WRAPPER_EXTENSION = xctest;
			};
			name = Debug;
		};
		DCB0AAFB1989E3E100F7876C /* Release */ = {
			isa = XCBuildConfiguration;
			buildSettings = {
				BUNDLE_LOADER = "$(BUILT_PRODUCTS_DIR)/scrollviewTest.app/scrollviewTest";
				FRAMEWORK_SEARCH_PATHS = (
					"$(SDKROOT)/Developer/Library/Frameworks",
					"$(inherited)",
					"$(DEVELOPER_FRAMEWORKS_DIR)",
				);
				GCC_PRECOMPILE_PREFIX_HEADER = YES;
				GCC_PREFIX_HEADER = "scrollviewTest/scrollviewTest-Prefix.pch";
				INFOPLIST_FILE = "scrollviewTestTests/scrollviewTestTests-Info.plist";
				PRODUCT_NAME = "$(TARGET_NAME)";
				TEST_HOST = "$(BUNDLE_LOADER)";
				WRAPPER_EXTENSION = xctest;
			};
			name = Release;
		};
/* End XCBuildConfiguration section */

/* Begin XCConfigurationList section */
		DCB0AABF1989E3E100F7876C /* Build configuration list for PBXProject "scrollviewTest" */ = {
			isa = XCConfigurationList;
			buildConfigurations = (
				DCB0AAF41989E3E100F7876C /* Debug */,
				DCB0AAF51989E3E100F7876C /* Release */,
			);
			defaultConfigurationIsVisible = 0;
			defaultConfigurationName = Release;
		};
		DCB0AAF61989E3E100F7876C /* Build configuration list for PBXNativeTarget "scrollviewTest" */ = {
			isa = XCConfigurationList;
			buildConfigurations = (
				DCB0AAF71989E3E100F7876C /* Debug */,
				DCB0AAF81989E3E100F7876C /* Release */,
			);
			defaultConfigurationIsVisible = 0;
		};
		DCB0AAF91989E3E100F7876C /* Build configuration list for PBXNativeTarget "scrollviewTestTests" */ = {
			isa = XCConfigurationList;
			buildConfigurations = (
				DCB0AAFA1989E3E100F7876C /* Debug */,
				DCB0AAFB1989E3E100F7876C /* Release */,
			);
			defaultConfigurationIsVisible = 0;
		};
/* End XCConfigurationList section */
	};
	rootObject = DCB0AABC1989E3E100F7876C /* Project object */;
}
